
Microsoft Visual Studio Solution File, Format Version 12.00
# Visual Studio Version 17
VisualStudioVersion = 17.3.32929.385
MinimumVisualStudioVersion = 10.0.40219.1
Project("{FAE04EC0-301F-11D3-BF4B-00C04F79EFBC}") = "DijkstraAlgorithm", "DijkstraAlgorithm\DijkstraAlgorithm.csproj", "{ABE9AB8F-B82B-43E5-84BE-8FC57462BA31}"
EndProject
Global
	GlobalSection(SolutionConfigurationPlatforms) = preSolution
		Debug|Any CPU = Debug|Any CPU
		Release|Any CPU = Release|Any CPU
	EndGlobalSection
	GlobalSection(ProjectConfigurationPlatforms) = postSolution
		{ABE9AB8F-B82B-43E5-84BE-8FC57462BA31}.Debug|Any CPU.ActiveCfg = Debug|Any CPU
		{ABE9AB8F-B82B-43E5-84BE-8FC57462BA31}.Debug|Any CPU.Build.0 = Debug|Any CPU
		{ABE9AB8F-B82B-43E5-84BE-8FC57462BA31}.Release|Any CPU.ActiveCfg = Release|Any CPU
		{ABE9AB8F-B82B-43E5-84BE-8FC57462BA31}.Release|Any CPU.Build.0 = Release|Any CPU
	EndGlobalSection
	GlobalSection(SolutionProperties) = preSolution
		HideSolutionNode = FALSE
	EndGlobalSection
	GlobalSection(ExtensibilityGlobals) = postSolution
		SolutionGuid = {3D10705B-2963-4946-AEA9-31E0F67E92CC}
	EndGlobalSection
EndGlobal
